
Microsoft Visual Studio Solution File, Format Version 12.00
# Visual Studio Version 16
VisualStudioVersion = 25.0.1700.5
MinimumVisualStudioVersion = 10.0.40219.1
Project("{FAE04EC0-301F-11D3-BF4B-00C04F79EFBC}") = "downloader", "downloader\downloader.csproj", "{405BD73D-3D0D-422F-BCD1-D052E7ADAC93}"
EndProject
Global
	GlobalSection(SolutionConfigurationPlatforms) = preSolution
		Debug|Any CPU = Debug|Any CPU
		Release|Any CPU = Release|Any CPU
	EndGlobalSection
	GlobalSection(ProjectConfigurationPlatforms) = postSolution
		{405BD73D-3D0D-422F-BCD1-D052E7ADAC93}.Debug|Any CPU.ActiveCfg = Debug|Any CPU
		{405BD73D-3D0D-422F-BCD1-D052E7ADAC93}.Debug|Any CPU.Build.0 = Debug|Any CPU
		{405BD73D-3D0D-422F-BCD1-D052E7ADAC93}.Release|Any CPU.ActiveCfg = Release|Any CPU
		{405BD73D-3D0D-422F-BCD1-D052E7ADAC93}.Release|Any CPU.Build.0 = Release|Any CPU
	EndGlobalSection
	GlobalSection(SolutionProperties) = preSolution
		HideSolutionNode = FALSE
	EndGlobalSection
	GlobalSection(ExtensibilityGlobals) = postSolution
		SolutionGuid = {188DAFB8-5290-49B7-89D0-4F0034C546D1}
	EndGlobalSection
EndGlobal
